
Microsoft Visual Studio Solution File, Format Version 12.00
# Visual Studio Version 17
VisualStudioVersion = 17.14.36705.20
MinimumVisualStudioVersion = 10.0.40219.1
Project("{FAE04EC0-301F-11D3-BF4B-00C04F79EFBC}") = "RestaurantWeb", "RestaurantWeb\RestaurantWeb.csproj", "{FCF7524F-98A3-49F5-A03E-E51D9CDEAA53}"
EndProject
Global
	GlobalSection(SolutionConfigurationPlatforms) = preSolution
		Debug|Any CPU = Debug|Any CPU
		Release|Any CPU = Release|Any CPU
	EndGlobalSection
	GlobalSection(ProjectConfigurationPlatforms) = postSolution
		{FCF7524F-98A3-49F5-A03E-E51D9CDEAA53}.Debug|Any CPU.ActiveCfg = Debug|Any CPU
		{FCF7524F-98A3-49F5-A03E-E51D9CDEAA53}.Debug|Any CPU.Build.0 = Debug|Any CPU
		{FCF7524F-98A3-49F5-A03E-E51D9CDEAA53}.Release|Any CPU.ActiveCfg = Release|Any CPU
		{FCF7524F-98A3-49F5-A03E-E51D9CDEAA53}.Release|Any CPU.Build.0 = Release|Any CPU
	EndGlobalSection
	GlobalSection(SolutionProperties) = preSolution
		HideSolutionNode = FALSE
	EndGlobalSection
	GlobalSection(ExtensibilityGlobals) = postSolution
		SolutionGuid = {D7E8ECE4-D099-47F9-8531-3B155C10E195}
	EndGlobalSection
EndGlobal
